
Microsoft Visual Studio Solution File, Format Version 12.00
# Visual Studio 15
VisualStudioVersion = 15.0.28307.539
MinimumVisualStudioVersion = 10.0.40219.1
Project("{F184B08F-C81C-45F6-A57F-5ABD9991F28F}") = "Web_Doble_Login", "Web_Doble_Login\Web_Doble_Login.vbproj", "{6016FC65-4846-4BCC-95B2-563C75B60CD2}"
EndProject
Global
	GlobalSection(SolutionConfigurationPlatforms) = preSolution
		Debug|Any CPU = Debug|Any CPU
		Release|Any CPU = Release|Any CPU
	EndGlobalSection
	GlobalSection(ProjectConfigurationPlatforms) = postSolution
		{6016FC65-4846-4BCC-95B2-563C75B60CD2}.Debug|Any CPU.ActiveCfg = Debug|Any CPU
		{6016FC65-4846-4BCC-95B2-563C75B60CD2}.Debug|Any CPU.Build.0 = Debug|Any CPU
		{6016FC65-4846-4BCC-95B2-563C75B60CD2}.Release|Any CPU.ActiveCfg = Release|Any CPU
		{6016FC65-4846-4BCC-95B2-563C75B60CD2}.Release|Any CPU.Build.0 = Release|Any CPU
	EndGlobalSection
	GlobalSection(SolutionProperties) = preSolution
		HideSolutionNode = FALSE
	EndGlobalSection
	GlobalSection(ExtensibilityGlobals) = postSolution
		SolutionGuid = {8F91832D-15FC-4591-9AC0-6EEDBCC6AC95}
	EndGlobalSection
EndGlobal
